
Microsoft Visual Studio Solution File, Format Version 12.00
# Visual Studio 15
VisualStudioVersion = 15.0.27130.2036
MinimumVisualStudioVersion = 10.0.40219.1
Project("{FAE04EC0-301F-11D3-BF4B-00C04F79EFBC}") = "LotaRuntime", "LotaRuntime\LotaRuntime.csproj", "{D2025842-210C-4892-AF10-477EBE600136}"
EndProject
Project("{FAE04EC0-301F-11D3-BF4B-00C04F79EFBC}") = "LotaBase", "LotaBase\LotaBase.csproj", "{83C1F45F-44DA-4B8E-A954-5EF07F5AF460}"
EndProject
Global
	GlobalSection(SolutionConfigurationPlatforms) = preSolution
		Debug|Any CPU = Debug|Any CPU
		Release|Any CPU = Release|Any CPU
	EndGlobalSection
	GlobalSection(ProjectConfigurationPlatforms) = postSolution
		{D2025842-210C-4892-AF10-477EBE600136}.Debug|Any CPU.ActiveCfg = Debug|Any CPU
		{D2025842-210C-4892-AF10-477EBE600136}.Debug|Any CPU.Build.0 = Debug|Any CPU
		{D2025842-210C-4892-AF10-477EBE600136}.Release|Any CPU.ActiveCfg = Release|Any CPU
		{D2025842-210C-4892-AF10-477EBE600136}.Release|Any CPU.Build.0 = Release|Any CPU
		{83C1F45F-44DA-4B8E-A954-5EF07F5AF460}.Debug|Any CPU.ActiveCfg = Debug|Any CPU
		{83C1F45F-44DA-4B8E-A954-5EF07F5AF460}.Debug|Any CPU.Build.0 = Debug|Any CPU
		{83C1F45F-44DA-4B8E-A954-5EF07F5AF460}.Release|Any CPU.ActiveCfg = Release|Any CPU
		{83C1F45F-44DA-4B8E-A954-5EF07F5AF460}.Release|Any CPU.Build.0 = Release|Any CPU
	EndGlobalSection
	GlobalSection(SolutionProperties) = preSolution
		HideSolutionNode = FALSE
	EndGlobalSection
	GlobalSection(ExtensibilityGlobals) = postSolution
		SolutionGuid = {35A3BC65-4011-4438-9AFF-EAA0C4694C33}
	EndGlobalSection
EndGlobal
